// !$*UTF8*$!
{
	archiveVersion = 1;
	classes = {
	};
	objectVersion = 55;
	objects = {

/* Begin PBXBuildFile section */
		F36F52892799C45C00A5F09D /* MapViewModel.swift in Sources */ = {isa = PBXBuildFile; fileRef = F36F52882799C45C00A5F09D /* MapViewModel.swift */; };
		F36F528D2799D3AD00A5F09D /* ResultsClass.swift in Sources */ = {isa = PBXBuildFile; fileRef = F36F528C2799D3AD00A5F09D /* ResultsClass.swift */; };
		F36F528F2799F52500A5F09D /* MapListViewModel.swift in Sources */ = {isa = PBXBuildFile; fileRef = F36F528E2799F52500A5F09D /* MapListViewModel.swift */; };
		F36F5291279A0B9500A5F09D /* DetailViewModel.swift in Sources */ = {isa = PBXBuildFile; fileRef = F36F5290279A0B9500A5F09D /* DetailViewModel.swift */; };
		F3A535082795F111000A8EDC /* AroundMeWikiApp.swift in Sources */ = {isa = PBXBuildFile; fileRef = F3A535072795F111000A8EDC /* AroundMeWikiApp.swift */; };
		F3A5350A2795F111000A8EDC /* MapView.swift in Sources */ = {isa = PBXBuildFile; fileRef = F3A535092795F111000A8EDC /* MapView.swift */; };
		F3A5350C2795F112000A8EDC /* Assets.xcassets in Resources */ = {isa = PBXBuildFile; fileRef = F3A5350B2795F112000A8EDC /* Assets.xcassets */; };
		F3A5350F2795F112000A8EDC /* Preview Assets.xcassets in Resources */ = {isa = PBXBuildFile; fileRef = F3A5350E2795F112000A8EDC /* Preview Assets.xcassets */; };
		F3A535182795F50C000A8EDC /* Extensions.swift in Sources */ = {isa = PBXBuildFile; fileRef = F3A535172795F50C000A8EDC /* Extensions.swift */; };
		F3A5351A279600E9000A8EDC /* DetailView.swift in Sources */ = {isa = PBXBuildFile; fileRef = F3A53519279600E9000A8EDC /* DetailView.swift */; };
		F3A5351C27994FF2000A8EDC /* MapListView.swift in Sources */ = {isa = PBXBuildFile; fileRef = F3A5351B27994FF2000A8EDC /* MapListView.swift */; };
		F3A5351E279956BA000A8EDC /* MapTabView.swift in Sources */ = {isa = PBXBuildFile; fileRef = F3A5351D279956BA000A8EDC /* MapTabView.swift */; };
		F3A5352027995D05000A8EDC /* Color-Theme.swift in Sources */ = {isa = PBXBuildFile; fileRef = F3A5351F27995D05000A8EDC /* Color-Theme.swift */; };
		F3A53528279990E6000A8EDC /* SettingsView.swift in Sources */ = {isa = PBXBuildFile; fileRef = F3A53527279990E6000A8EDC /* SettingsView.swift */; };
/* End PBXBuildFile section */

/* Begin PBXFileReference section */
		F36F52882799C45C00A5F09D /* MapViewModel.swift */ = {isa = PBXFileReference; lastKnownFileType = sourcecode.swift; path = MapViewModel.swift; sourceTree = "<group>"; };
		F36F528C2799D3AD00A5F09D /* ResultsClass.swift */ = {isa = PBXFileReference; lastKnownFileType = sourcecode.swift; path = ResultsClass.swift; sourceTree = "<group>"; };
		F36F528E2799F52500A5F09D /* MapListViewModel.swift */ = {isa = PBXFileReference; lastKnownFileType = sourcecode.swift; path = MapListViewModel.swift; sourceTree = "<group>"; };
		F36F5290279A0B9500A5F09D /* DetailViewModel.swift */ = {isa = PBXFileReference; lastKnownFileType = sourcecode.swift; path = DetailViewModel.swift; sourceTree = "<group>"; };
		F3A535042795F111000A8EDC /* AroundMeWiki.app */ = {isa = PBXFileReference; explicitFileType = wrapper.application; includeInIndex = 0; path = AroundMeWiki.app; sourceTree = BUILT_PRODUCTS_DIR; };
		F3A535072795F111000A8EDC /* AroundMeWikiApp.swift */ = {isa = PBXFileReference; lastKnownFileType = sourcecode.swift; path = AroundMeWikiApp.swift; sourceTree = "<group>"; };
		F3A535092795F111000A8EDC /* MapView.swift */ = {isa = PBXFileReference; lastKnownFileType = sourcecode.swift; path = MapView.swift; sourceTree = "<group>"; };
		F3A5350B2795F112000A8EDC /* Assets.xcassets */ = {isa = PBXFileReference; lastKnownFileType = folder.assetcatalog; path = Assets.xcassets; sourceTree = "<group>"; };
		F3A5350E2795F112000A8EDC /* Preview Assets.xcassets */ = {isa = PBXFileReference; lastKnownFileType = folder.assetcatalog; path = "Preview Assets.xcassets"; sourceTree = "<group>"; };
		F3A535172795F50C000A8EDC /* Extensions.swift */ = {isa = PBXFileReference; lastKnownFileType = sourcecode.swift; path = Extensions.swift; sourceTree = "<group>"; };
		F3A53519279600E9000A8EDC /* DetailView.swift */ = {isa = PBXFileReference; lastKnownFileType = sourcecode.swift; path = DetailView.swift; sourceTree = "<group>"; tabWidth = 4; };
		F3A5351B27994FF2000A8EDC /* MapListView.swift */ = {isa = PBXFileReference; lastKnownFileType = sourcecode.swift; path = MapListView.swift; sourceTree = "<group>"; };
		F3A5351D279956BA000A8EDC /* MapTabView.swift */ = {isa = PBXFileReference; lastKnownFileType = sourcecode.swift; path = MapTabView.swift; sourceTree = "<group>"; };
		F3A5351F27995D05000A8EDC /* Color-Theme.swift */ = {isa = PBXFileReference; lastKnownFileType = sourcecode.swift; path = "Color-Theme.swift"; sourceTree = "<group>"; };
		F3A53527279990E6000A8EDC /* SettingsView.swift */ = {isa = PBXFileReference; lastKnownFileType = sourcecode.swift; path = SettingsView.swift; sourceTree = "<group>"; };
/* End PBXFileReference section */

/* Begin PBXFrameworksBuildPhase section */
		F3A535012795F111000A8EDC /* Frameworks */ = {
			isa = PBXFrameworksBuildPhase;
			buildActionMask = 2147483647;
			files = (
			);
			runOnlyForDeploymentPostprocessing = 0;
		};
/* End PBXFrameworksBuildPhase section */

/* Begin PBXGroup section */
		F397C35527A1F5BF0079DBF1 /* Views */ = {
			isa = PBXGroup;
			children = (
				F3A5351D279956BA000A8EDC /* MapTabView.swift */,
				F3A535092795F111000A8EDC /* MapView.swift */,
				F3A5351B27994FF2000A8EDC /* MapListView.swift */,
				F3A53519279600E9000A8EDC /* DetailView.swift */,
				F3A53527279990E6000A8EDC /* SettingsView.swift */,
				F3A5351F27995D05000A8EDC /* Color-Theme.swift */,
			);
			path = Views;
			sourceTree = "<group>";
		};
		F397C35627A1F5E70079DBF1 /* ViewModels */ = {
			isa = PBXGroup;
			children = (
				F36F52882799C45C00A5F09D /* MapViewModel.swift */,
				F36F528E2799F52500A5F09D /* MapListViewModel.swift */,
				F36F5290279A0B9500A5F09D /* DetailViewModel.swift */,
			);
			path = ViewModels;
			sourceTree = "<group>";
		};
		F397C35727A1F6090079DBF1 /* Model */ = {
			isa = PBXGroup;
			children = (
				F3A535172795F50C000A8EDC /* Extensions.swift */,
				F36F528C2799D3AD00A5F09D /* ResultsClass.swift */,
			);
			path = Model;
			sourceTree = "<group>";
		};
		F3A534FB2795F111000A8EDC = {
			isa = PBXGroup;
			children = (
				F3A535062795F111000A8EDC /* AroundMeWiki */,
				F3A535052795F111000A8EDC /* Products */,
			);
			sourceTree = "<group>";
		};
		F3A535052795F111000A8EDC /* Products */ = {
			isa = PBXGroup;
			children = (
				F3A535042795F111000A8EDC /* AroundMeWiki.app */,
			);
			name = Products;
			sourceTree = "<group>";
		};
		F3A535062795F111000A8EDC /* AroundMeWiki */ = {
			isa = PBXGroup;
			children = (
				F3A535072795F111000A8EDC /* AroundMeWikiApp.swift */,
				F397C35527A1F5BF0079DBF1 /* Views */,
				F397C35627A1F5E70079DBF1 /* ViewModels */,
				F397C35727A1F6090079DBF1 /* Model */,
				F3A5350B2795F112000A8EDC /* Assets.xcassets */,
				F3A5350D2795F112000A8EDC /* Preview Content */,
			);
			path = AroundMeWiki;
			sourceTree = "<group>";
		};
		F3A5350D2795F112000A8EDC /* Preview Content */ = {
			isa = PBXGroup;
			children = (
				F3A5350E2795F112000A8EDC /* Preview Assets.xcassets */,
			);
			path = "Preview Content";
			sourceTree = "<group>";
		};
/* End PBXGroup section */

/* Begin PBXNativeTarget section */
		F3A535032795F111000A8EDC /* AroundMeWiki */ = {
			isa = PBXNativeTarget;
			buildConfigurationList = F3A535122795F112000A8EDC /* Build configuration list for PBXNativeTarget "AroundMeWiki" */;
			buildPhases = (
				F3A535002795F111000A8EDC /* Sources */,
				F3A535012795F111000A8EDC /* Frameworks */,
				F3A535022795F111000A8EDC /* Resources */,
			);
			buildRules = (
			);
			dependencies = (
			);
			name = AroundMeWiki;
			productName = AroundMeWiki;
			productReference = F3A535042795F111000A8EDC /* AroundMeWiki.app */;
			productType = "com.apple.product-type.application";
		};
/* End PBXNativeTarget section */

/* Begin PBXProject section */
		F3A534FC2795F111000A8EDC /* Project object */ = {
			isa = PBXProject;
			attributes = {
				BuildIndependentTargetsInParallel = 1;
				LastSwiftUpdateCheck = 1320;
				LastUpgradeCheck = 1320;
				TargetAttributes = {
					F3A535032795F111000A8EDC = {
						CreatedOnToolsVersion = 13.2.1;
					};
				};
			};
			buildConfigurationList = F3A534FF2795F111000A8EDC /* Build configuration list for PBXProject "AroundMeWiki" */;
			compatibilityVersion = "Xcode 13.0";
			developmentRegion = en;
			hasScannedForEncodings = 0;
			knownRegions = (
				en,
				Base,
				tr,
			);
			mainGroup = F3A534FB2795F111000A8EDC;
			productRefGroup = F3A535052795F111000A8EDC /* Products */;
			projectDirPath = "";
			projectRoot = "";
			targets = (
				F3A535032795F111000A8EDC /* AroundMeWiki */,
			);
		};
/* End PBXProject section */

/* Begin PBXResourcesBuildPhase section */
		F3A535022795F111000A8EDC /* Resources */ = {
			isa = PBXResourcesBuildPhase;
			buildActionMask = 2147483647;
			files = (
				F3A5350F2795F112000A8EDC /* Preview Assets.xcassets in Resources */,
				F3A5350C2795F112000A8EDC /* Assets.xcassets in Resources */,
			);
			runOnlyForDeploymentPostprocessing = 0;
		};
/* End PBXResourcesBuildPhase section */

/* Begin PBXSourcesBuildPhase section */
		F3A535002795F111000A8EDC /* Sources */ = {
			isa = PBXSourcesBuildPhase;
			buildActionMask = 2147483647;
			files = (
				F36F52892799C45C00A5F09D /* MapViewModel.swift in Sources */,
				F3A5350A2795F111000A8EDC /* MapView.swift in Sources */,
				F3A535182795F50C000A8EDC /* Extensions.swift in Sources */,
				F3A53528279990E6000A8EDC /* SettingsView.swift in Sources */,
				F36F528F2799F52500A5F09D /* MapListViewModel.swift in Sources */,
				F36F528D2799D3AD00A5F09D /* ResultsClass.swift in Sources */,
				F3A5352027995D05000A8EDC /* Color-Theme.swift in Sources */,
				F3A5351A279600E9000A8EDC /* DetailView.swift in Sources */,
				F36F5291279A0B9500A5F09D /* DetailViewModel.swift in Sources */,
				F3A5351E279956BA000A8EDC /* MapTabView.swift in Sources */,
				F3A535082795F111000A8EDC /* AroundMeWikiApp.swift in Sources */,
				F3A5351C27994FF2000A8EDC /* MapListView.swift in Sources */,
			);
			runOnlyForDeploymentPostprocessing = 0;
		};
/* End PBXSourcesBuildPhase section */

/* Begin XCBuildConfiguration section */
		F3A535102795F112000A8EDC /* Debug */ = {
			isa = XCBuildConfiguration;
			buildSettings = {
				ALWAYS_SEARCH_USER_PATHS = NO;
				CLANG_ANALYZER_NONNULL = YES;
				CLANG_ANALYZER_NUMBER_OBJECT_CONVERSION = YES_AGGRESSIVE;
				CLANG_CXX_LANGUAGE_STANDARD = "gnu++17";
				CLANG_CXX_LIBRARY = "libc++";
				CLANG_ENABLE_MODULES = YES;
				CLANG_ENABLE_OBJC_ARC = YES;
				CLANG_ENABLE_OBJC_WEAK = YES;
				CLANG_WARN_BLOCK_CAPTURE_AUTORELEASING = YES;
				CLANG_WARN_BOOL_CONVERSION = YES;
				CLANG_WARN_COMMA = YES;
				CLANG_WARN_CONSTANT_CONVERSION = YES;
				CLANG_WARN_DEPRECATED_OBJC_IMPLEMENTATIONS = YES;
				CLANG_WARN_DIRECT_OBJC_ISA_USAGE = YES_ERROR;
				CLANG_WARN_DOCUMENTATION_COMMENTS = YES;
				CLANG_WARN_EMPTY_BODY = YES;
				CLANG_WARN_ENUM_CONVERSION = YES;
				CLANG_WARN_INFINITE_RECURSION = YES;
				CLANG_WARN_INT_CONVERSION = YES;
				CLANG_WARN_NON_LITERAL_NULL_CONVERSION = YES;
				CLANG_WARN_OBJC_IMPLICIT_RETAIN_SELF = YES;
				CLANG_WARN_OBJC_LITERAL_CONVERSION = YES;
				CLANG_WARN_OBJC_ROOT_CLASS = YES_ERROR;
				CLANG_WARN_QUOTED_INCLUDE_IN_FRAMEWORK_HEADER = YES;
				CLANG_WARN_RANGE_LOOP_ANALYSIS = YES;
				CLANG_WARN_STRICT_PROTOTYPES = YES;
				CLANG_WARN_SUSPICIOUS_MOVE = YES;
				CLANG_WARN_UNGUARDED_AVAILABILITY = YES_AGGRESSIVE;
				CLANG_WARN_UNREACHABLE_CODE = YES;
				CLANG_WARN__DUPLICATE_METHOD_MATCH = YES;
				COPY_PHASE_STRIP = NO;
				DEBUG_INFORMATION_FORMAT = dwarf;
				ENABLE_STRICT_OBJC_MSGSEND = YES;
				ENABLE_TESTABILITY = YES;
				GCC_C_LANGUAGE_STANDARD = gnu11;
				GCC_DYNAMIC_NO_PIC = NO;
				GCC_NO_COMMON_BLOCKS = YES;
				GCC_OPTIMIZATION_LEVEL = 0;
				GCC_PREPROCESSOR_DEFINITIONS = (
					"DEBUG=1",
					"$(inherited)",
				);
				GCC_WARN_64_TO_32_BIT_CONVERSION = YES;
				GCC_WARN_ABOUT_RETURN_TYPE = YES_ERROR;
				GCC_WARN_UNDECLARED_SELECTOR = YES;
				GCC_WARN_UNINITIALIZED_AUTOS = YES_AGGRESSIVE;
				GCC_WARN_UNUSED_FUNCTION = YES;
				GCC_WARN_UNUSED_VARIABLE = YES;
				IPHONEOS_DEPLOYMENT_TARGET = 15.2;
				MTL_ENABLE_DEBUG_INFO = INCLUDE_SOURCE;
				MTL_FAST_MATH = YES;
				ONLY_ACTIVE_ARCH = YES;
				SDKROOT = iphoneos;
				SWIFT_ACTIVE_COMPILATION_CONDITIONS = DEBUG;
				SWIFT_OPTIMIZATION_LEVEL = "-Onone";
			};
			name = Debug;
		};
		F3A535112795F112000A8EDC /* Release */ = {
			isa = XCBuildConfiguration;
			buildSettings = {
				ALWAYS_SEARCH_USER_PATHS = NO;
				CLANG_ANALYZER_NONNULL = YES;
				CLANG_ANALYZER_NUMBER_OBJECT_CONVERSION = YES_AGGRESSIVE;
				CLANG_CXX_LANGUAGE_STANDARD = "gnu++17";
				CLANG_CXX_LIBRARY = "libc++";
				CLANG_ENABLE_MODULES = YES;
				CLANG_ENABLE_OBJC_ARC = YES;
				CLANG_ENABLE_OBJC_WEAK = YES;
				CLANG_WARN_BLOCK_CAPTURE_AUTORELEASING = YES;
				CLANG_WARN_BOOL_CONVERSION = YES;
				CLANG_WARN_COMMA = YES;
				CLANG_WARN_CONSTANT_CONVERSION = YES;
				CLANG_WARN_DEPRECATED_OBJC_IMPLEMENTATIONS = YES;
				CLANG_WARN_DIRECT_OBJC_ISA_USAGE = YES_ERROR;
				CLANG_WARN_DOCUMENTATION_COMMENTS = YES;
				CLANG_WARN_EMPTY_BODY = YES;
				CLANG_WARN_ENUM_CONVERSION = YES;
				CLANG_WARN_INFINITE_RECURSION = YES;
				CLANG_WARN_INT_CONVERSION = YES;
				CLANG_WARN_NON_LITERAL_NULL_CONVERSION = YES;
				CLANG_WARN_OBJC_IMPLICIT_RETAIN_SELF = YES;
				CLANG_WARN_OBJC_LITERAL_CONVERSION = YES;
				CLANG_WARN_OBJC_ROOT_CLASS = YES_ERROR;
				CLANG_WARN_QUOTED_INCLUDE_IN_FRAMEWORK_HEADER = YES;
				CLANG_WARN_RANGE_LOOP_ANALYSIS = YES;
				CLANG_WARN_STRICT_PROTOTYPES = YES;
				CLANG_WARN_SUSPICIOUS_MOVE = YES;
				CLANG_WARN_UNGUARDED_AVAILABILITY = YES_AGGRESSIVE;
				CLANG_WARN_UNREACHABLE_CODE = YES;
				CLANG_WARN__DUPLICATE_METHOD_MATCH = YES;
				COPY_PHASE_STRIP = NO;
				DEBUG_INFORMATION_FORMAT = "dwarf-with-dsym";
				ENABLE_NS_ASSERTIONS = NO;
				ENABLE_STRICT_OBJC_MSGSEND = YES;
				GCC_C_LANGUAGE_STANDARD = gnu11;
				GCC_NO_COMMON_BLOCKS = YES;
				GCC_WARN_64_TO_32_BIT_CONVERSION = YES;
				GCC_WARN_ABOUT_RETURN_TYPE = YES_ERROR;
				GCC_WARN_UNDECLARED_SELECTOR = YES;
				GCC_WARN_UNINITIALIZED_AUTOS = YES_AGGRESSIVE;
				GCC_WARN_UNUSED_FUNCTION = YES;
				GCC_WARN_UNUSED_VARIABLE = YES;
				IPHONEOS_DEPLOYMENT_TARGET = 15.2;
				MTL_ENABLE_DEBUG_INFO = NO;
				MTL_FAST_MATH = YES;
				SDKROOT = iphoneos;
				SWIFT_COMPILATION_MODE = wholemodule;
				SWIFT_OPTIMIZATION_LEVEL = "-O";
				VALIDATE_PRODUCT = YES;
			};
			name = Release;
		};
		F3A535132795F112000A8EDC /* Debug */ = {
			isa = XCBuildConfiguration;
			buildSettings = {
				ASSETCATALOG_COMPILER_APPICON_NAME = AppIcon;
				ASSETCATALOG_COMPILER_GLOBAL_ACCENT_COLOR_NAME = AccentColor;
				CODE_SIGN_STYLE = Automatic;
				CURRENT_PROJECT_VERSION = 1;
				DEVELOPMENT_ASSET_PATHS = "\"AroundMeWiki/Preview Content\"";
				DEVELOPMENT_TEAM = 8459YF8UGM;
				ENABLE_PREVIEWS = YES;
				GENERATE_INFOPLIST_FILE = YES;
				INFOPLIST_KEY_NSLocationWhenInUseUsageDescription = "This app needs your location to show what's around you.";
				INFOPLIST_KEY_UIApplicationSceneManifest_Generation = YES;
				INFOPLIST_KEY_UIApplicationSupportsIndirectInputEvents = YES;
				INFOPLIST_KEY_UILaunchScreen_Generation = YES;
				INFOPLIST_KEY_UISupportedInterfaceOrientations_iPad = "UIInterfaceOrientationPortrait UIInterfaceOrientationPortraitUpsideDown UIInterfaceOrientationLandscapeLeft UIInterfaceOrientationLandscapeRight";
				INFOPLIST_KEY_UISupportedInterfaceOrientations_iPhone = "UIInterfaceOrientationPortrait UIInterfaceOrientationLandscapeLeft UIInterfaceOrientationLandscapeRight";
				LD_RUNPATH_SEARCH_PATHS = (
					"$(inherited)",
					"@executable_path/Frameworks",
				);
				MARKETING_VERSION = 1.0;
				PRODUCT_BUNDLE_IDENTIFIER = imren.ridvan.AroundMeWiki;
				PRODUCT_NAME = "$(TARGET_NAME)";
				SWIFT_EMIT_LOC_STRINGS = YES;
				SWIFT_VERSION = 5.0;
				TARGETED_DEVICE_FAMILY = "1,2";
			};
			name = Debug;
		};
		F3A535142795F112000A8EDC /* Release */ = {
			isa = XCBuildConfiguration;
			buildSettings = {
				ASSETCATALOG_COMPILER_APPICON_NAME = AppIcon;
				ASSETCATALOG_COMPILER_GLOBAL_ACCENT_COLOR_NAME = AccentColor;
				CODE_SIGN_STYLE = Automatic;
				CURRENT_PROJECT_VERSION = 1;
				DEVELOPMENT_ASSET_PATHS = "\"AroundMeWiki/Preview Content\"";
				DEVELOPMENT_TEAM = 8459YF8UGM;
				ENABLE_PREVIEWS = YES;
				GENERATE_INFOPLIST_FILE = YES;
				INFOPLIST_KEY_NSLocationWhenInUseUsageDescription = "This app needs your location to show what's around you.";
				INFOPLIST_KEY_UIApplicationSceneManifest_Generation = YES;
				INFOPLIST_KEY_UIApplicationSupportsIndirectInputEvents = YES;
				INFOPLIST_KEY_UILaunchScreen_Generation = YES;
				INFOPLIST_KEY_UISupportedInterfaceOrientations_iPad = "UIInterfaceOrientationPortrait UIInterfaceOrientationPortraitUpsideDown UIInterfaceOrientationLandscapeLeft UIInterfaceOrientationLandscapeRight";
				INFOPLIST_KEY_UISupportedInterfaceOrientations_iPhone = "UIInterfaceOrientationPortrait UIInterfaceOrientationLandscapeLeft UIInterfaceOrientationLandscapeRight";
				LD_RUNPATH_SEARCH_PATHS = (
					"$(inherited)",
					"@executable_path/Frameworks",
				);
				MARKETING_VERSION = 1.0;
				PRODUCT_BUNDLE_IDENTIFIER = imren.ridvan.AroundMeWiki;
				PRODUCT_NAME = "$(TARGET_NAME)";
				SWIFT_EMIT_LOC_STRINGS = YES;
				SWIFT_VERSION = 5.0;
				TARGETED_DEVICE_FAMILY = "1,2";
			};
			name = Release;
		};
/* End XCBuildConfiguration section */

/* Begin XCConfigurationList section */
		F3A534FF2795F111000A8EDC /* Build configuration list for PBXProject "AroundMeWiki" */ = {
			isa = XCConfigurationList;
			buildConfigurations = (
				F3A535102795F112000A8EDC /* Debug */,
				F3A535112795F112000A8EDC /* Release */,
			);
			defaultConfigurationIsVisible = 0;
			defaultConfigurationName = Release;
		};
		F3A535122795F112000A8EDC /* Build configuration list for PBXNativeTarget "AroundMeWiki" */ = {
			isa = XCConfigurationList;
			buildConfigurations = (
				F3A535132795F112000A8EDC /* Debug */,
				F3A535142795F112000A8EDC /* Release */,
			);
			defaultConfigurationIsVisible = 0;
			defaultConfigurationName = Release;
		};
/* End XCConfigurationList section */
	};
	rootObject = F3A534FC2795F111000A8EDC /* Project object */;
}
